// !$*UTF8*$!
{
	archiveVersion = 1;
	classes = {
	};
	objectVersion = 46;
	objects = {

/* Begin PBXBuildFile section */
		2BC7E6AEA227A8328400638E /* libPods-hello-weex-ios.a in Frameworks */ = {isa = PBXBuildFile; fileRef = AAEFE2E50B20AFF5BB29B16E /* libPods-hello-weex-ios.a */; };
		FA96171A1ECAABB0001B3CE1 /* main.m in Sources */ = {isa = PBXBuildFile; fileRef = FA9617191ECAABB0001B3CE1 /* main.m */; };
		FA96171D1ECAABB0001B3CE1 /* AppDelegate.m in Sources */ = {isa = PBXBuildFile; fileRef = FA96171C1ECAABB0001B3CE1 /* AppDelegate.m */; };
		FA9617201ECAABB0001B3CE1 /* ViewController.m in Sources */ = {isa = PBXBuildFile; fileRef = FA96171F1ECAABB0001B3CE1 /* ViewController.m */; };
		FA9617231ECAABB0001B3CE1 /* Main.storyboard in Resources */ = {isa = PBXBuildFile; fileRef = FA9617211ECAABB0001B3CE1 /* Main.storyboard */; };
		FA9617251ECAABB0001B3CE1 /* Assets.xcassets in Resources */ = {isa = PBXBuildFile; fileRef = FA9617241ECAABB0001B3CE1 /* Assets.xcassets */; };
		FA9617281ECAABB0001B3CE1 /* LaunchScreen.storyboard in Resources */ = {isa = PBXBuildFile; fileRef = FA9617261ECAABB0001B3CE1 /* LaunchScreen.storyboard */; };
/* End PBXBuildFile section */

/* Begin PBXContainerItemProxy section */
		FA96172F1ECAABB0001B3CE1 /* PBXContainerItemProxy */ = {
			isa = PBXContainerItemProxy;
			containerPortal = FA96170D1ECAABB0001B3CE1 /* Project object */;
			proxyType = 1;
			remoteGlobalIDString = FA9617141ECAABB0001B3CE1;
			remoteInfo = "hello-weex-ios";
		};
		FA96173A1ECAABB0001B3CE1 /* PBXContainerItemProxy */ = {
			isa = PBXContainerItemProxy;
			containerPortal = FA96170D1ECAABB0001B3CE1 /* Project object */;
			proxyType = 1;
			remoteGlobalIDString = FA9617141ECAABB0001B3CE1;
			remoteInfo = "hello-weex-ios";
		};
/* End PBXContainerItemProxy section */

/* Begin PBXFileReference section */
		186DA25703CE6B03DD6F6B97 /* Pods-hello-weex-ios.release.xcconfig */ = {isa = PBXFileReference; includeInIndex = 1; lastKnownFileType = text.xcconfig; name = "Pods-hello-weex-ios.release.xcconfig"; path = "Pods/Target Support Files/Pods-hello-weex-ios/Pods-hello-weex-ios.release.xcconfig"; sourceTree = "<group>"; };
		A796B152420FD4DD04396F32 /* Pods-hello-weex-ios.debug.xcconfig */ = {isa = PBXFileReference; includeInIndex = 1; lastKnownFileType = text.xcconfig; name = "Pods-hello-weex-ios.debug.xcconfig"; path = "Pods/Target Support Files/Pods-hello-weex-ios/Pods-hello-weex-ios.debug.xcconfig"; sourceTree = "<group>"; };
		AAEFE2E50B20AFF5BB29B16E /* libPods-hello-weex-ios.a */ = {isa = PBXFileReference; explicitFileType = archive.ar; includeInIndex = 0; path = "libPods-hello-weex-ios.a"; sourceTree = BUILT_PRODUCTS_DIR; };
		FA9617151ECAABB0001B3CE1 /* hello-weex-ios.app */ = {isa = PBXFileReference; explicitFileType = wrapper.application; includeInIndex = 0; path = "hello-weex-ios.app"; sourceTree = BUILT_PRODUCTS_DIR; };
		FA9617191ECAABB0001B3CE1 /* main.m */ = {isa = PBXFileReference; lastKnownFileType = sourcecode.c.objc; path = main.m; sourceTree = "<group>"; };
		FA96171B1ECAABB0001B3CE1 /* AppDelegate.h */ = {isa = PBXFileReference; lastKnownFileType = sourcecode.c.h; path = AppDelegate.h; sourceTree = "<group>"; };
		FA96171C1ECAABB0001B3CE1 /* AppDelegate.m */ = {isa = PBXFileReference; lastKnownFileType = sourcecode.c.objc; path = AppDelegate.m; sourceTree = "<group>"; };
		FA96171E1ECAABB0001B3CE1 /* ViewController.h */ = {isa = PBXFileReference; lastKnownFileType = sourcecode.c.h; path = ViewController.h; sourceTree = "<group>"; };
		FA96171F1ECAABB0001B3CE1 /* ViewController.m */ = {isa = PBXFileReference; lastKnownFileType = sourcecode.c.objc; path = ViewController.m; sourceTree = "<group>"; };
		FA9617221ECAABB0001B3CE1 /* Base */ = {isa = PBXFileReference; lastKnownFileType = file.storyboard; name = Base; path = Base.lproj/Main.storyboard; sourceTree = "<group>"; };
		FA9617241ECAABB0001B3CE1 /* Assets.xcassets */ = {isa = PBXFileReference; lastKnownFileType = folder.assetcatalog; path = Assets.xcassets; sourceTree = "<group>"; };
		FA9617271ECAABB0001B3CE1 /* Base */ = {isa = PBXFileReference; lastKnownFileType = file.storyboard; name = Base; path = Base.lproj/LaunchScreen.storyboard; sourceTree = "<group>"; };
		FA9617291ECAABB0001B3CE1 /* Info.plist */ = {isa = PBXFileReference; lastKnownFileType = text.plist.xml; path = Info.plist; sourceTree = "<group>"; };
		FA96172E1ECAABB0001B3CE1 /* hello-weex-iosTests.xctest */ = {isa = PBXFileReference; explicitFileType = wrapper.cfbundle; includeInIndex = 0; path = "hello-weex-iosTests.xctest"; sourceTree = BUILT_PRODUCTS_DIR; };
		FA9617391ECAABB0001B3CE1 /* hello-weex-iosUITests.xctest */ = {isa = PBXFileReference; explicitFileType = wrapper.cfbundle; includeInIndex = 0; path = "hello-weex-iosUITests.xctest"; sourceTree = BUILT_PRODUCTS_DIR; };
/* End PBXFileReference section */

/* Begin PBXFrameworksBuildPhase section */
		FA9617121ECAABB0001B3CE1 /* Frameworks */ = {
			isa = PBXFrameworksBuildPhase;
			buildActionMask = 2147483647;
			files = (
				2BC7E6AEA227A8328400638E /* libPods-hello-weex-ios.a in Frameworks */,
			);
			runOnlyForDeploymentPostprocessing = 0;
		};
		FA96172B1ECAABB0001B3CE1 /* Frameworks */ = {
			isa = PBXFrameworksBuildPhase;
			buildActionMask = 2147483647;
			files = (
			);
			runOnlyForDeploymentPostprocessing = 0;
		};
		FA9617361ECAABB0001B3CE1 /* Frameworks */ = {
			isa = PBXFrameworksBuildPhase;
			buildActionMask = 2147483647;
			files = (
			);
			runOnlyForDeploymentPostprocessing = 0;
		};
/* End PBXFrameworksBuildPhase section */

/* Begin PBXGroup section */
		70DF4F03465126A758B9475D /* Frameworks */ = {
			isa = PBXGroup;
			children = (
				AAEFE2E50B20AFF5BB29B16E /* libPods-hello-weex-ios.a */,
			);
			name = Frameworks;
			sourceTree = "<group>";
		};
		D1A71ED8EC639279416DC702 /* Pods */ = {
			isa = PBXGroup;
			children = (
				A796B152420FD4DD04396F32 /* Pods-hello-weex-ios.debug.xcconfig */,
				186DA25703CE6B03DD6F6B97 /* Pods-hello-weex-ios.release.xcconfig */,
			);
			name = Pods;
			sourceTree = "<group>";
		};
		FA96170C1ECAABB0001B3CE1 = {
			isa = PBXGroup;
			children = (
				FA9617171ECAABB0001B3CE1 /* hello-weex-ios */,
				FA9617161ECAABB0001B3CE1 /* Products */,
				D1A71ED8EC639279416DC702 /* Pods */,
				70DF4F03465126A758B9475D /* Frameworks */,
			);
			sourceTree = "<group>";
		};
		FA9617161ECAABB0001B3CE1 /* Products */ = {
			isa = PBXGroup;
			children = (
				FA9617151ECAABB0001B3CE1 /* hello-weex-ios.app */,
				FA96172E1ECAABB0001B3CE1 /* hello-weex-iosTests.xctest */,
				FA9617391ECAABB0001B3CE1 /* hello-weex-iosUITests.xctest */,
			);
			name = Products;
			sourceTree = "<group>";
		};
		FA9617171ECAABB0001B3CE1 /* hello-weex-ios */ = {
			isa = PBXGroup;
			children = (
				FA96171B1ECAABB0001B3CE1 /* AppDelegate.h */,
				FA96171C1ECAABB0001B3CE1 /* AppDelegate.m */,
				FA96171E1ECAABB0001B3CE1 /* ViewController.h */,
				FA96171F1ECAABB0001B3CE1 /* ViewController.m */,
				FA9617211ECAABB0001B3CE1 /* Main.storyboard */,
				FA9617241ECAABB0001B3CE1 /* Assets.xcassets */,
				FA9617261ECAABB0001B3CE1 /* LaunchScreen.storyboard */,
				FA9617291ECAABB0001B3CE1 /* Info.plist */,
				FA9617181ECAABB0001B3CE1 /* Supporting Files */,
			);
			path = "hello-weex-ios";
			sourceTree = "<group>";
		};
		FA9617181ECAABB0001B3CE1 /* Supporting Files */ = {
			isa = PBXGroup;
			children = (
				FA9617191ECAABB0001B3CE1 /* main.m */,
			);
			name = "Supporting Files";
			sourceTree = "<group>";
		};
/* End PBXGroup section */

/* Begin PBXNativeTarget section */
		FA9617141ECAABB0001B3CE1 /* hello-weex-ios */ = {
			isa = PBXNativeTarget;
			buildConfigurationList = FA9617421ECAABB0001B3CE1 /* Build configuration list for PBXNativeTarget "hello-weex-ios" */;
			buildPhases = (
				98825C799B5B9A0CD4E712DB /* [CP] Check Pods Manifest.lock */,
				FA9617111ECAABB0001B3CE1 /* Sources */,
				FA9617121ECAABB0001B3CE1 /* Frameworks */,
				FA9617131ECAABB0001B3CE1 /* Resources */,
				6A356C35A01B7450D6B6A83A /* [CP] Embed Pods Frameworks */,
				54BC3DE5FD054C1A539B1B3F /* [CP] Copy Pods Resources */,
			);
			buildRules = (
			);
			dependencies = (
			);
			name = "hello-weex-ios";
			productName = "hello-weex-ios";
			productReference = FA9617151ECAABB0001B3CE1 /* hello-weex-ios.app */;
			productType = "com.apple.product-type.application";
		};
		FA96172D1ECAABB0001B3CE1 /* hello-weex-iosTests */ = {
			isa = PBXNativeTarget;
			buildConfigurationList = FA9617451ECAABB0001B3CE1 /* Build configuration list for PBXNativeTarget "hello-weex-iosTests" */;
			buildPhases = (
				FA96172A1ECAABB0001B3CE1 /* Sources */,
				FA96172B1ECAABB0001B3CE1 /* Frameworks */,
				FA96172C1ECAABB0001B3CE1 /* Resources */,
			);
			buildRules = (
			);
			dependencies = (
				FA9617301ECAABB0001B3CE1 /* PBXTargetDependency */,
			);
			name = "hello-weex-iosTests";
			productName = "hello-weex-iosTests";
			productReference = FA96172E1ECAABB0001B3CE1 /* hello-weex-iosTests.xctest */;
			productType = "com.apple.product-type.bundle.unit-test";
		};
		FA9617381ECAABB0001B3CE1 /* hello-weex-iosUITests */ = {
			isa = PBXNativeTarget;
			buildConfigurationList = FA9617481ECAABB0001B3CE1 /* Build configuration list for PBXNativeTarget "hello-weex-iosUITests" */;
			buildPhases = (
				FA9617351ECAABB0001B3CE1 /* Sources */,
				FA9617361ECAABB0001B3CE1 /* Frameworks */,
				FA9617371ECAABB0001B3CE1 /* Resources */,
			);
			buildRules = (
			);
			dependencies = (
				FA96173B1ECAABB0001B3CE1 /* PBXTargetDependency */,
			);
			name = "hello-weex-iosUITests";
			productName = "hello-weex-iosUITests";
			productReference = FA9617391ECAABB0001B3CE1 /* hello-weex-iosUITests.xctest */;
			productType = "com.apple.product-type.bundle.ui-testing";
		};
/* End PBXNativeTarget section */

/* Begin PBXProject section */
		FA96170D1ECAABB0001B3CE1 /* Project object */ = {
			isa = PBXProject;
			attributes = {
				LastUpgradeCheck = 0830;
				ORGANIZATIONNAME = "Yanxiang ";
				TargetAttributes = {
					FA9617141ECAABB0001B3CE1 = {
						CreatedOnToolsVersion = 8.3.2;
						DevelopmentTeam = X5TLWSM7K8;
						ProvisioningStyle = Automatic;
					};
					FA96172D1ECAABB0001B3CE1 = {
						CreatedOnToolsVersion = 8.3.2;
						DevelopmentTeam = X5TLWSM7K8;
						ProvisioningStyle = Automatic;
						TestTargetID = FA9617141ECAABB0001B3CE1;
					};
					FA9617381ECAABB0001B3CE1 = {
						CreatedOnToolsVersion = 8.3.2;
						DevelopmentTeam = X5TLWSM7K8;
						ProvisioningStyle = Automatic;
						TestTargetID = FA9617141ECAABB0001B3CE1;
					};
				};
			};
			buildConfigurationList = FA9617101ECAABB0001B3CE1 /* Build configuration list for PBXProject "hello-weex-ios" */;
			compatibilityVersion = "Xcode 3.2";
			developmentRegion = English;
			hasScannedForEncodings = 0;
			knownRegions = (
				en,
				Base,
			);
			mainGroup = FA96170C1ECAABB0001B3CE1;
			productRefGroup = FA9617161ECAABB0001B3CE1 /* Products */;
			projectDirPath = "";
			projectRoot = "";
			targets = (
				FA9617141ECAABB0001B3CE1 /* hello-weex-ios */,
				FA96172D1ECAABB0001B3CE1 /* hello-weex-iosTests */,
				FA9617381ECAABB0001B3CE1 /* hello-weex-iosUITests */,
			);
		};
/* End PBXProject section */

/* Begin PBXResourcesBuildPhase section */
		FA9617131ECAABB0001B3CE1 /* Resources */ = {
			isa = PBXResourcesBuildPhase;
			buildActionMask = 2147483647;
			files = (
				FA9617281ECAABB0001B3CE1 /* LaunchScreen.storyboard in Resources */,
				FA9617251ECAABB0001B3CE1 /* Assets.xcassets in Resources */,
				FA9617231ECAABB0001B3CE1 /* Main.storyboard in Resources */,
			);
			runOnlyForDeploymentPostprocessing = 0;
		};
		FA96172C1ECAABB0001B3CE1 /* Resources */ = {
			isa = PBXResourcesBuildPhase;
			buildActionMask = 2147483647;
			files = (
			);
			runOnlyForDeploymentPostprocessing = 0;
		};
		FA9617371ECAABB0001B3CE1 /* Resources */ = {
			isa = PBXResourcesBuildPhase;
			buildActionMask = 2147483647;
			files = (
			);
			runOnlyForDeploymentPostprocessing = 0;
		};
/* End PBXResourcesBuildPhase section */

/* Begin PBXShellScriptBuildPhase section */
		54BC3DE5FD054C1A539B1B3F /* [CP] Copy Pods Resources */ = {
			isa = PBXShellScriptBuildPhase;
			buildActionMask = 2147483647;
			files = (
			);
			inputPaths = (
			);
			name = "[CP] Copy Pods Resources";
			outputPaths = (
			);
			runOnlyForDeploymentPostprocessing = 0;
			shellPath = /bin/sh;
			shellScript = "\"${SRCROOT}/Pods/Target Support Files/Pods-hello-weex-ios/Pods-hello-weex-ios-resources.sh\"\n";
			showEnvVarsInLog = 0;
		};
		6A356C35A01B7450D6B6A83A /* [CP] Embed Pods Frameworks */ = {
			isa = PBXShellScriptBuildPhase;
			buildActionMask = 2147483647;
			files = (
			);
			inputPaths = (
			);
			name = "[CP] Embed Pods Frameworks";
			outputPaths = (
			);
			runOnlyForDeploymentPostprocessing = 0;
			shellPath = /bin/sh;
			shellScript = "\"${SRCROOT}/Pods/Target Support Files/Pods-hello-weex-ios/Pods-hello-weex-ios-frameworks.sh\"\n";
			showEnvVarsInLog = 0;
		};
		98825C799B5B9A0CD4E712DB /* [CP] Check Pods Manifest.lock */ = {
			isa = PBXShellScriptBuildPhase;
			buildActionMask = 2147483647;
			files = (
			);
			inputPaths = (
			);
			name = "[CP] Check Pods Manifest.lock";
			outputPaths = (
			);
			runOnlyForDeploymentPostprocessing = 0;
			shellPath = /bin/sh;
			shellScript = "diff \"${PODS_PODFILE_DIR_PATH}/Podfile.lock\" \"${PODS_ROOT}/Manifest.lock\" > /dev/null\nif [ $? != 0 ] ; then\n    # print error to STDERR\n    echo \"error: The sandbox is not in sync with the Podfile.lock. Run 'pod install' or update your CocoaPods installation.\" >&2\n    exit 1\nfi\n";
			showEnvVarsInLog = 0;
		};
/* End PBXShellScriptBuildPhase section */

/* Begin PBXSourcesBuildPhase section */
		FA9617111ECAABB0001B3CE1 /* Sources */ = {
			isa = PBXSourcesBuildPhase;
			buildActionMask = 2147483647;
			files = (
				FA9617201ECAABB0001B3CE1 /* ViewController.m in Sources */,
				FA96171D1ECAABB0001B3CE1 /* AppDelegate.m in Sources */,
				FA96171A1ECAABB0001B3CE1 /* main.m in Sources */,
			);
			runOnlyForDeploymentPostprocessing = 0;
		};
		FA96172A1ECAABB0001B3CE1 /* Sources */ = {
			isa = PBXSourcesBuildPhase;
			buildActionMask = 2147483647;
			files = (
			);
			runOnlyForDeploymentPostprocessing = 0;
		};
		FA9617351ECAABB0001B3CE1 /* Sources */ = {
			isa = PBXSourcesBuildPhase;
			buildActionMask = 2147483647;
			files = (
			);
			runOnlyForDeploymentPostprocessing = 0;
		};
/* End PBXSourcesBuildPhase section */

/* Begin PBXTargetDependency section */
		FA9617301ECAABB0001B3CE1 /* PBXTargetDependency */ = {
			isa = PBXTargetDependency;
			target = FA9617141ECAABB0001B3CE1 /* hello-weex-ios */;
			targetProxy = FA96172F1ECAABB0001B3CE1 /* PBXContainerItemProxy */;
		};
		FA96173B1ECAABB0001B3CE1 /* PBXTargetDependency */ = {
			isa = PBXTargetDependency;
			target = FA9617141ECAABB0001B3CE1 /* hello-weex-ios */;
			targetProxy = FA96173A1ECAABB0001B3CE1 /* PBXContainerItemProxy */;
		};
/* End PBXTargetDependency section */

/* Begin PBXVariantGroup section */
		FA9617211ECAABB0001B3CE1 /* Main.storyboard */ = {
			isa = PBXVariantGroup;
			children = (
				FA9617221ECAABB0001B3CE1 /* Base */,
			);
			name = Main.storyboard;
			sourceTree = "<group>";
		};
		FA9617261ECAABB0001B3CE1 /* LaunchScreen.storyboard */ = {
			isa = PBXVariantGroup;
			children = (
				FA9617271ECAABB0001B3CE1 /* Base */,
			);
			name = LaunchScreen.storyboard;
			sourceTree = "<group>";
		};
/* End PBXVariantGroup section */

/* Begin XCBuildConfiguration section */
		FA9617401ECAABB0001B3CE1 /* Debug */ = {
			isa = XCBuildConfiguration;
			buildSettings = {
				ALWAYS_SEARCH_USER_PATHS = NO;
				CLANG_ANALYZER_NONNULL = YES;
				CLANG_ANALYZER_NUMBER_OBJECT_CONVERSION = YES_AGGRESSIVE;
				CLANG_CXX_LANGUAGE_STANDARD = "gnu++0x";
				CLANG_CXX_LIBRARY = "libc++";
				CLANG_ENABLE_MODULES = YES;
				CLANG_ENABLE_OBJC_ARC = YES;
				CLANG_WARN_BOOL_CONVERSION = YES;
				CLANG_WARN_CONSTANT_CONVERSION = YES;
				CLANG_WARN_DIRECT_OBJC_ISA_USAGE = YES_ERROR;
				CLANG_WARN_DOCUMENTATION_COMMENTS = YES;
				CLANG_WARN_EMPTY_BODY = YES;
				CLANG_WARN_ENUM_CONVERSION = YES;
				CLANG_WARN_INFINITE_RECURSION = YES;
				CLANG_WARN_INT_CONVERSION = YES;
				CLANG_WARN_OBJC_ROOT_CLASS = YES_ERROR;
				CLANG_WARN_SUSPICIOUS_MOVE = YES;
				CLANG_WARN_UNREACHABLE_CODE = YES;
				CLANG_WARN__DUPLICATE_METHOD_MATCH = YES;
				"CODE_SIGN_IDENTITY[sdk=iphoneos*]" = "iPhone Developer";
				COPY_PHASE_STRIP = NO;
				DEBUG_INFORMATION_FORMAT = dwarf;
				ENABLE_STRICT_OBJC_MSGSEND = YES;
				ENABLE_TESTABILITY = YES;
				GCC_C_LANGUAGE_STANDARD = gnu99;
				GCC_DYNAMIC_NO_PIC = NO;
				GCC_NO_COMMON_BLOCKS = YES;
				GCC_OPTIMIZATION_LEVEL = 0;
				GCC_PREPROCESSOR_DEFINITIONS = (
					"DEBUG=1",
					"$(inherited)",
				);
				GCC_WARN_64_TO_32_BIT_CONVERSION = YES;
				GCC_WARN_ABOUT_RETURN_TYPE = YES_ERROR;
				GCC_WARN_UNDECLARED_SELECTOR = YES;
				GCC_WARN_UNINITIALIZED_AUTOS = YES_AGGRESSIVE;
				GCC_WARN_UNUSED_FUNCTION = YES;
				GCC_WARN_UNUSED_VARIABLE = YES;
				IPHONEOS_DEPLOYMENT_TARGET = 10.3;
				MTL_ENABLE_DEBUG_INFO = YES;
				ONLY_ACTIVE_ARCH = YES;
				SDKROOT = iphoneos;
				TARGETED_DEVICE_FAMILY = "1,2";
			};
			name = Debug;
		};
		FA9617411ECAABB0001B3CE1 /* Release */ = {
			isa = XCBuildConfiguration;
			buildSettings = {
				ALWAYS_SEARCH_USER_PATHS = NO;
				CLANG_ANALYZER_NONNULL = YES;
				CLANG_ANALYZER_NUMBER_OBJECT_CONVERSION = YES_AGGRESSIVE;
				CLANG_CXX_LANGUAGE_STANDARD = "gnu++0x";
				CLANG_CXX_LIBRARY = "libc++";
				CLANG_ENABLE_MODULES = YES;
				CLANG_ENABLE_OBJC_ARC = YES;
				CLANG_WARN_BOOL_CONVERSION = YES;
				CLANG_WARN_CONSTANT_CONVERSION = YES;
				CLANG_WARN_DIRECT_OBJC_ISA_USAGE = YES_ERROR;
				CLANG_WARN_DOCUMENTATION_COMMENTS = YES;
				CLANG_WARN_EMPTY_BODY = YES;
				CLANG_WARN_ENUM_CONVERSION = YES;
				CLANG_WARN_INFINITE_RECURSION = YES;
				CLANG_WARN_INT_CONVERSION = YES;
				CLANG_WARN_OBJC_ROOT_CLASS = YES_ERROR;
				CLANG_WARN_SUSPICIOUS_MOVE = YES;
				CLANG_WARN_UNREACHABLE_CODE = YES;
				CLANG_WARN__DUPLICATE_METHOD_MATCH = YES;
				"CODE_SIGN_IDENTITY[sdk=iphoneos*]" = "iPhone Developer";
				COPY_PHASE_STRIP = NO;
				DEBUG_INFORMATION_FORMAT = "dwarf-with-dsym";
				ENABLE_NS_ASSERTIONS = NO;
				ENABLE_STRICT_OBJC_MSGSEND = YES;
				GCC_C_LANGUAGE_STANDARD = gnu99;
				GCC_NO_COMMON_BLOCKS = YES;
				GCC_WARN_64_TO_32_BIT_CONVERSION = YES;
				GCC_WARN_ABOUT_RETURN_TYPE = YES_ERROR;
				GCC_WARN_UNDECLARED_SELECTOR = YES;
				GCC_WARN_UNINITIALIZED_AUTOS = YES_AGGRESSIVE;
				GCC_WARN_UNUSED_FUNCTION = YES;
				GCC_WARN_UNUSED_VARIABLE = YES;
				IPHONEOS_DEPLOYMENT_TARGET = 10.3;
				MTL_ENABLE_DEBUG_INFO = NO;
				SDKROOT = iphoneos;
				TARGETED_DEVICE_FAMILY = "1,2";
				VALIDATE_PRODUCT = YES;
			};
			name = Release;
		};
		FA9617431ECAABB0001B3CE1 /* Debug */ = {
			isa = XCBuildConfiguration;
			baseConfigurationReference = A796B152420FD4DD04396F32 /* Pods-hello-weex-ios.debug.xcconfig */;
			buildSettings = {
				ASSETCATALOG_COMPILER_APPICON_NAME = AppIcon;
				DEVELOPMENT_TEAM = X5TLWSM7K8;
				INFOPLIST_FILE = "hello-weex-ios/Info.plist";
				LD_RUNPATH_SEARCH_PATHS = "$(inherited) @executable_path/Frameworks";
				PRODUCT_BUNDLE_IDENTIFIER = "com.example.yx.hello-weex-ios";
				PRODUCT_NAME = "$(TARGET_NAME)";
			};
			name = Debug;
		};
		FA9617441ECAABB0001B3CE1 /* Release */ = {
			isa = XCBuildConfiguration;
			baseConfigurationReference = 186DA25703CE6B03DD6F6B97 /* Pods-hello-weex-ios.release.xcconfig */;
			buildSettings = {
				ASSETCATALOG_COMPILER_APPICON_NAME = AppIcon;
				DEVELOPMENT_TEAM = X5TLWSM7K8;
				INFOPLIST_FILE = "hello-weex-ios/Info.plist";
				LD_RUNPATH_SEARCH_PATHS = "$(inherited) @executable_path/Frameworks";
				PRODUCT_BUNDLE_IDENTIFIER = "com.example.yx.hello-weex-ios";
				PRODUCT_NAME = "$(TARGET_NAME)";
			};
			name = Release;
		};
		FA9617461ECAABB0001B3CE1 /* Debug */ = {
			isa = XCBuildConfiguration;
			buildSettings = {
				BUNDLE_LOADER = "$(TEST_HOST)";
				DEVELOPMENT_TEAM = X5TLWSM7K8;
				INFOPLIST_FILE = "hello-weex-iosTests/Info.plist";
				LD_RUNPATH_SEARCH_PATHS = "$(inherited) @executable_path/Frameworks @loader_path/Frameworks";
				PRODUCT_BUNDLE_IDENTIFIER = "com.example.yx.hello-weex-iosTests";
				PRODUCT_NAME = "$(TARGET_NAME)";
				TEST_HOST = "$(BUILT_PRODUCTS_DIR)/hello-weex-ios.app/hello-weex-ios";
			};
			name = Debug;
		};
		FA9617471ECAABB0001B3CE1 /* Release */ = {
			isa = XCBuildConfiguration;
			buildSettings = {
				BUNDLE_LOADER = "$(TEST_HOST)";
				DEVELOPMENT_TEAM = X5TLWSM7K8;
				INFOPLIST_FILE = "hello-weex-iosTests/Info.plist";
				LD_RUNPATH_SEARCH_PATHS = "$(inherited) @executable_path/Frameworks @loader_path/Frameworks";
				PRODUCT_BUNDLE_IDENTIFIER = "com.example.yx.hello-weex-iosTests";
				PRODUCT_NAME = "$(TARGET_NAME)";
				TEST_HOST = "$(BUILT_PRODUCTS_DIR)/hello-weex-ios.app/hello-weex-ios";
			};
			name = Release;
		};
		FA9617491ECAABB0001B3CE1 /* Debug */ = {
			isa = XCBuildConfiguration;
			buildSettings = {
				DEVELOPMENT_TEAM = X5TLWSM7K8;
				INFOPLIST_FILE = "hello-weex-iosUITests/Info.plist";
				LD_RUNPATH_SEARCH_PATHS = "$(inherited) @executable_path/Frameworks @loader_path/Frameworks";
				PRODUCT_BUNDLE_IDENTIFIER = "com.example.yx.hello-weex-iosUITests";
				PRODUCT_NAME = "$(TARGET_NAME)";
				TEST_TARGET_NAME = "hello-weex-ios";
			};
			name = Debug;
		};
		FA96174A1ECAABB0001B3CE1 /* Release */ = {
			isa = XCBuildConfiguration;
			buildSettings = {
				DEVELOPMENT_TEAM = X5TLWSM7K8;
				INFOPLIST_FILE = "hello-weex-iosUITests/Info.plist";
				LD_RUNPATH_SEARCH_PATHS = "$(inherited) @executable_path/Frameworks @loader_path/Frameworks";
				PRODUCT_BUNDLE_IDENTIFIER = "com.example.yx.hello-weex-iosUITests";
				PRODUCT_NAME = "$(TARGET_NAME)";
				TEST_TARGET_NAME = "hello-weex-ios";
			};
			name = Release;
		};
/* End XCBuildConfiguration section */

/* Begin XCConfigurationList section */
		FA9617101ECAABB0001B3CE1 /* Build configuration list for PBXProject "hello-weex-ios" */ = {
			isa = XCConfigurationList;
			buildConfigurations = (
				FA9617401ECAABB0001B3CE1 /* Debug */,
				FA9617411ECAABB0001B3CE1 /* Release */,
			);
			defaultConfigurationIsVisible = 0;
			defaultConfigurationName = Release;
		};
		FA9617421ECAABB0001B3CE1 /* Build configuration list for PBXNativeTarget "hello-weex-ios" */ = {
			isa = XCConfigurationList;
			buildConfigurations = (
				FA9617431ECAABB0001B3CE1 /* Debug */,
				FA9617441ECAABB0001B3CE1 /* Release */,
			);
			defaultConfigurationIsVisible = 0;
			defaultConfigurationName = Release;
		};
		FA9617451ECAABB0001B3CE1 /* Build configuration list for PBXNativeTarget "hello-weex-iosTests" */ = {
			isa = XCConfigurationList;
			buildConfigurations = (
				FA9617461ECAABB0001B3CE1 /* Debug */,
				FA9617471ECAABB0001B3CE1 /* Release */,
			);
			defaultConfigurationIsVisible = 0;
			defaultConfigurationName = Release;
		};
		FA9617481ECAABB0001B3CE1 /* Build configuration list for PBXNativeTarget "hello-weex-iosUITests" */ = {
			isa = XCConfigurationList;
			buildConfigurations = (
				FA9617491ECAABB0001B3CE1 /* Debug */,
				FA96174A1ECAABB0001B3CE1 /* Release */,
			);
			defaultConfigurationIsVisible = 0;
			defaultConfigurationName = Release;
		};
/* End XCConfigurationList section */
	};
	rootObject = FA96170D1ECAABB0001B3CE1 /* Project object */;
}
